
Microsoft Visual Studio Solution File, Format Version 12.00
# Visual Studio Version 16
VisualStudioVersion = 16.0.30204.135
MinimumVisualStudioVersion = 10.0.40219.1
Project("{9A19103F-16F7-4668-BE54-9A1E7A4F7556}") = "TestAionys.API", "TestAionys.API\TestAionys.API.csproj", "{58C7A3F0-75B5-46CD-8DAD-A06AD35E8625}"
	ProjectSection(ProjectDependencies) = postProject
		{F3B68EFF-8968-4DAA-8E86-CAC9E1055421} = {F3B68EFF-8968-4DAA-8E86-CAC9E1055421}
	EndProjectSection
EndProject
Project("{9A19103F-16F7-4668-BE54-9A1E7A4F7556}") = "TestAionys.Abstraction", "TestAionys.Abstraction\TestAionys.Abstraction.csproj", "{02623C3F-095E-446D-A62B-9E13B17D07C9}"
EndProject
Project("{9A19103F-16F7-4668-BE54-9A1E7A4F7556}") = "TestAionys.Context", "TestAionys.Context\TestAionys.Context.csproj", "{CE083CFB-38D2-4FC4-9583-F0FB5320E9A9}"
EndProject
Project("{FAE04EC0-301F-11D3-BF4B-00C04F79EFBC}") = "TestAionys.Core", "TestAionys.Core\TestAionys.Core.csproj", "{F3B68EFF-8968-4DAA-8E86-CAC9E1055421}"
	ProjectSection(ProjectDependencies) = postProject
		{02623C3F-095E-446D-A62B-9E13B17D07C9} = {02623C3F-095E-446D-A62B-9E13B17D07C9}
		{CE083CFB-38D2-4FC4-9583-F0FB5320E9A9} = {CE083CFB-38D2-4FC4-9583-F0FB5320E9A9}
	EndProjectSection
EndProject
Global
	GlobalSection(SolutionConfigurationPlatforms) = preSolution
		Debug|Any CPU = Debug|Any CPU
		Release|Any CPU = Release|Any CPU
	EndGlobalSection
	GlobalSection(ProjectConfigurationPlatforms) = postSolution
		{58C7A3F0-75B5-46CD-8DAD-A06AD35E8625}.Debug|Any CPU.ActiveCfg = Debug|Any CPU
		{58C7A3F0-75B5-46CD-8DAD-A06AD35E8625}.Debug|Any CPU.Build.0 = Debug|Any CPU
		{58C7A3F0-75B5-46CD-8DAD-A06AD35E8625}.Release|Any CPU.ActiveCfg = Release|Any CPU
		{58C7A3F0-75B5-46CD-8DAD-A06AD35E8625}.Release|Any CPU.Build.0 = Release|Any CPU
		{02623C3F-095E-446D-A62B-9E13B17D07C9}.Debug|Any CPU.ActiveCfg = Debug|Any CPU
		{02623C3F-095E-446D-A62B-9E13B17D07C9}.Debug|Any CPU.Build.0 = Debug|Any CPU
		{02623C3F-095E-446D-A62B-9E13B17D07C9}.Release|Any CPU.ActiveCfg = Release|Any CPU
		{02623C3F-095E-446D-A62B-9E13B17D07C9}.Release|Any CPU.Build.0 = Release|Any CPU
		{CE083CFB-38D2-4FC4-9583-F0FB5320E9A9}.Debug|Any CPU.ActiveCfg = Debug|Any CPU
		{CE083CFB-38D2-4FC4-9583-F0FB5320E9A9}.Debug|Any CPU.Build.0 = Debug|Any CPU
		{CE083CFB-38D2-4FC4-9583-F0FB5320E9A9}.Release|Any CPU.ActiveCfg = Release|Any CPU
		{CE083CFB-38D2-4FC4-9583-F0FB5320E9A9}.Release|Any CPU.Build.0 = Release|Any CPU
		{F3B68EFF-8968-4DAA-8E86-CAC9E1055421}.Debug|Any CPU.ActiveCfg = Debug|Any CPU
		{F3B68EFF-8968-4DAA-8E86-CAC9E1055421}.Debug|Any CPU.Build.0 = Debug|Any CPU
		{F3B68EFF-8968-4DAA-8E86-CAC9E1055421}.Release|Any CPU.ActiveCfg = Release|Any CPU
		{F3B68EFF-8968-4DAA-8E86-CAC9E1055421}.Release|Any CPU.Build.0 = Release|Any CPU
	EndGlobalSection
	GlobalSection(SolutionProperties) = preSolution
		HideSolutionNode = FALSE
	EndGlobalSection
	GlobalSection(ExtensibilityGlobals) = postSolution
		SolutionGuid = {97D8119E-29A1-45A0-BAFC-D554B544897B}
	EndGlobalSection
EndGlobal
